
Microsoft Visual Studio Solution File, Format Version 12.00
# Visual Studio Version 17
VisualStudioVersion = 17.0.31903.59
MinimumVisualStudioVersion = 10.0.40219.1
Project("{FAE04EC0-301F-11D3-BF4B-00C04F79EFBC}") = "Ecomm.Infrastructure", "Ecomm.Infrastructure\Ecomm.Infrastructure.csproj", "{0CE38940-1627-4312-A1A6-EAD5EE7B6FC3}"
EndProject
Project("{FAE04EC0-301F-11D3-BF4B-00C04F79EFBC}") = "Test", "Test\Test.csproj", "{E1E87CB6-05BB-4E20-80F7-9C72ADDB490C}"
EndProject
Project("{FAE04EC0-301F-11D3-BF4B-00C04F79EFBC}") = "Ecomm.Application", "Ecomm.Application\Ecomm.Application.csproj", "{D181B51B-B948-4772-B5B4-556C7BB781A3}"
EndProject
Project("{FAE04EC0-301F-11D3-BF4B-00C04F79EFBC}") = "Ecomm.Domain", "Ecomm.Domain\Ecomm.Domain.csproj", "{84A8C837-78DD-4056-A8CB-012AED707792}"
EndProject
Project("{FAE04EC0-301F-11D3-BF4B-00C04F79EFBC}") = "Ecomm.UI", "Ecomm.UI\Ecomm.UI.csproj", "{E9BC1DDB-44E4-41C4-8B88-CFE16AF865A9}"
EndProject
Project("{2150E333-8FDC-42A3-9474-1A3956D46DE8}") = "src", "src", "{827E0CD3-B72D-47B6-A68D-7590B98EB39B}"
EndProject
Project("{FAE04EC0-301F-11D3-BF4B-00C04F79EFBC}") = "Ecomm.OrderService", "src\Ecomm.OrderService\Ecomm.OrderService.csproj", "{3C742296-6E38-4007-ABB9-0EB8F698351C}"
EndProject
Project("{FAE04EC0-301F-11D3-BF4B-00C04F79EFBC}") = "Ecomm.Api", "src\Ecomm.Api\Ecomm.Api.csproj", "{8E26BD87-E4B5-41A4-9AC1-6B4755EF7E86}"
EndProject
Project("{2150E333-8FDC-42A3-9474-1A3956D46DE8}") = "tests", "tests", "{0AB3BF05-4346-4AA6-1389-037BE0695223}"
EndProject
Project("{FAE04EC0-301F-11D3-BF4B-00C04F79EFBC}") = "Ecomm.Tests", "tests\Ecomm.Tests\Ecomm.Tests.csproj", "{1C844202-C298-45F1-8EC2-49C92944C762}"
EndProject
Project("{FAE04EC0-301F-11D3-BF4B-00C04F79EFBC}") = "Ecomm.Contracts", "src\Ecomm.Contracts\Ecomm.Contracts.csproj", "{728E9D2D-D70E-4074-86AC-9041822AB591}"
EndProject
Global
	GlobalSection(SolutionConfigurationPlatforms) = preSolution
		Debug|Any CPU = Debug|Any CPU
		Debug|x64 = Debug|x64
		Debug|x86 = Debug|x86
		Release|Any CPU = Release|Any CPU
		Release|x64 = Release|x64
		Release|x86 = Release|x86
	EndGlobalSection
	GlobalSection(ProjectConfigurationPlatforms) = postSolution
		{0CE38940-1627-4312-A1A6-EAD5EE7B6FC3}.Debug|Any CPU.ActiveCfg = Debug|Any CPU
		{0CE38940-1627-4312-A1A6-EAD5EE7B6FC3}.Debug|Any CPU.Build.0 = Debug|Any CPU
		{0CE38940-1627-4312-A1A6-EAD5EE7B6FC3}.Debug|x64.ActiveCfg = Debug|Any CPU
		{0CE38940-1627-4312-A1A6-EAD5EE7B6FC3}.Debug|x64.Build.0 = Debug|Any CPU
		{0CE38940-1627-4312-A1A6-EAD5EE7B6FC3}.Debug|x86.ActiveCfg = Debug|Any CPU
		{0CE38940-1627-4312-A1A6-EAD5EE7B6FC3}.Debug|x86.Build.0 = Debug|Any CPU
		{0CE38940-1627-4312-A1A6-EAD5EE7B6FC3}.Release|Any CPU.ActiveCfg = Release|Any CPU
		{0CE38940-1627-4312-A1A6-EAD5EE7B6FC3}.Release|Any CPU.Build.0 = Release|Any CPU
		{0CE38940-1627-4312-A1A6-EAD5EE7B6FC3}.Release|x64.ActiveCfg = Release|Any CPU
		{0CE38940-1627-4312-A1A6-EAD5EE7B6FC3}.Release|x64.Build.0 = Release|Any CPU
		{0CE38940-1627-4312-A1A6-EAD5EE7B6FC3}.Release|x86.ActiveCfg = Release|Any CPU
		{0CE38940-1627-4312-A1A6-EAD5EE7B6FC3}.Release|x86.Build.0 = Release|Any CPU
		{E1E87CB6-05BB-4E20-80F7-9C72ADDB490C}.Debug|Any CPU.ActiveCfg = Debug|Any CPU
		{E1E87CB6-05BB-4E20-80F7-9C72ADDB490C}.Debug|Any CPU.Build.0 = Debug|Any CPU
		{E1E87CB6-05BB-4E20-80F7-9C72ADDB490C}.Debug|x64.ActiveCfg = Debug|Any CPU
		{E1E87CB6-05BB-4E20-80F7-9C72ADDB490C}.Debug|x64.Build.0 = Debug|Any CPU
		{E1E87CB6-05BB-4E20-80F7-9C72ADDB490C}.Debug|x86.ActiveCfg = Debug|Any CPU
		{E1E87CB6-05BB-4E20-80F7-9C72ADDB490C}.Debug|x86.Build.0 = Debug|Any CPU
		{E1E87CB6-05BB-4E20-80F7-9C72ADDB490C}.Release|Any CPU.ActiveCfg = Release|Any CPU
		{E1E87CB6-05BB-4E20-80F7-9C72ADDB490C}.Release|Any CPU.Build.0 = Release|Any CPU
		{E1E87CB6-05BB-4E20-80F7-9C72ADDB490C}.Release|x64.ActiveCfg = Release|Any CPU
		{E1E87CB6-05BB-4E20-80F7-9C72ADDB490C}.Release|x64.Build.0 = Release|Any CPU
		{E1E87CB6-05BB-4E20-80F7-9C72ADDB490C}.Release|x86.ActiveCfg = Release|Any CPU
		{E1E87CB6-05BB-4E20-80F7-9C72ADDB490C}.Release|x86.Build.0 = Release|Any CPU
		{D181B51B-B948-4772-B5B4-556C7BB781A3}.Debug|Any CPU.ActiveCfg = Debug|Any CPU
		{D181B51B-B948-4772-B5B4-556C7BB781A3}.Debug|Any CPU.Build.0 = Debug|Any CPU
		{D181B51B-B948-4772-B5B4-556C7BB781A3}.Debug|x64.ActiveCfg = Debug|Any CPU
		{D181B51B-B948-4772-B5B4-556C7BB781A3}.Debug|x64.Build.0 = Debug|Any CPU
		{D181B51B-B948-4772-B5B4-556C7BB781A3}.Debug|x86.ActiveCfg = Debug|Any CPU
		{D181B51B-B948-4772-B5B4-556C7BB781A3}.Debug|x86.Build.0 = Debug|Any CPU
		{D181B51B-B948-4772-B5B4-556C7BB781A3}.Release|Any CPU.ActiveCfg = Release|Any CPU
		{D181B51B-B948-4772-B5B4-556C7BB781A3}.Release|Any CPU.Build.0 = Release|Any CPU
		{D181B51B-B948-4772-B5B4-556C7BB781A3}.Release|x64.ActiveCfg = Release|Any CPU
		{D181B51B-B948-4772-B5B4-556C7BB781A3}.Release|x64.Build.0 = Release|Any CPU
		{D181B51B-B948-4772-B5B4-556C7BB781A3}.Release|x86.ActiveCfg = Release|Any CPU
		{D181B51B-B948-4772-B5B4-556C7BB781A3}.Release|x86.Build.0 = Release|Any CPU
		{84A8C837-78DD-4056-A8CB-012AED707792}.Debug|Any CPU.ActiveCfg = Debug|Any CPU
		{84A8C837-78DD-4056-A8CB-012AED707792}.Debug|Any CPU.Build.0 = Debug|Any CPU
		{84A8C837-78DD-4056-A8CB-012AED707792}.Debug|x64.ActiveCfg = Debug|Any CPU
		{84A8C837-78DD-4056-A8CB-012AED707792}.Debug|x64.Build.0 = Debug|Any CPU
		{84A8C837-78DD-4056-A8CB-012AED707792}.Debug|x86.ActiveCfg = Debug|Any CPU
		{84A8C837-78DD-4056-A8CB-012AED707792}.Debug|x86.Build.0 = Debug|Any CPU
		{84A8C837-78DD-4056-A8CB-012AED707792}.Release|Any CPU.ActiveCfg = Release|Any CPU
		{84A8C837-78DD-4056-A8CB-012AED707792}.Release|Any CPU.Build.0 = Release|Any CPU
		{84A8C837-78DD-4056-A8CB-012AED707792}.Release|x64.ActiveCfg = Release|Any CPU
		{84A8C837-78DD-4056-A8CB-012AED707792}.Release|x64.Build.0 = Release|Any CPU
		{84A8C837-78DD-4056-A8CB-012AED707792}.Release|x86.ActiveCfg = Release|Any CPU
		{84A8C837-78DD-4056-A8CB-012AED707792}.Release|x86.Build.0 = Release|Any CPU
		{E9BC1DDB-44E4-41C4-8B88-CFE16AF865A9}.Debug|Any CPU.ActiveCfg = Debug|Any CPU
		{E9BC1DDB-44E4-41C4-8B88-CFE16AF865A9}.Debug|Any CPU.Build.0 = Debug|Any CPU
		{E9BC1DDB-44E4-41C4-8B88-CFE16AF865A9}.Debug|x64.ActiveCfg = Debug|Any CPU
		{E9BC1DDB-44E4-41C4-8B88-CFE16AF865A9}.Debug|x64.Build.0 = Debug|Any CPU
		{E9BC1DDB-44E4-41C4-8B88-CFE16AF865A9}.Debug|x86.ActiveCfg = Debug|Any CPU
		{E9BC1DDB-44E4-41C4-8B88-CFE16AF865A9}.Debug|x86.Build.0 = Debug|Any CPU
		{E9BC1DDB-44E4-41C4-8B88-CFE16AF865A9}.Release|Any CPU.ActiveCfg = Release|Any CPU
		{E9BC1DDB-44E4-41C4-8B88-CFE16AF865A9}.Release|Any CPU.Build.0 = Release|Any CPU
		{E9BC1DDB-44E4-41C4-8B88-CFE16AF865A9}.Release|x64.ActiveCfg = Release|Any CPU
		{E9BC1DDB-44E4-41C4-8B88-CFE16AF865A9}.Release|x64.Build.0 = Release|Any CPU
		{E9BC1DDB-44E4-41C4-8B88-CFE16AF865A9}.Release|x86.ActiveCfg = Release|Any CPU
		{E9BC1DDB-44E4-41C4-8B88-CFE16AF865A9}.Release|x86.Build.0 = Release|Any CPU
		{3C742296-6E38-4007-ABB9-0EB8F698351C}.Debug|Any CPU.ActiveCfg = Debug|Any CPU
		{3C742296-6E38-4007-ABB9-0EB8F698351C}.Debug|Any CPU.Build.0 = Debug|Any CPU
		{3C742296-6E38-4007-ABB9-0EB8F698351C}.Debug|x64.ActiveCfg = Debug|Any CPU
		{3C742296-6E38-4007-ABB9-0EB8F698351C}.Debug|x64.Build.0 = Debug|Any CPU
		{3C742296-6E38-4007-ABB9-0EB8F698351C}.Debug|x86.ActiveCfg = Debug|Any CPU
		{3C742296-6E38-4007-ABB9-0EB8F698351C}.Debug|x86.Build.0 = Debug|Any CPU
		{3C742296-6E38-4007-ABB9-0EB8F698351C}.Release|Any CPU.ActiveCfg = Release|Any CPU
		{3C742296-6E38-4007-ABB9-0EB8F698351C}.Release|Any CPU.Build.0 = Release|Any CPU
		{3C742296-6E38-4007-ABB9-0EB8F698351C}.Release|x64.ActiveCfg = Release|Any CPU
		{3C742296-6E38-4007-ABB9-0EB8F698351C}.Release|x64.Build.0 = Release|Any CPU
		{3C742296-6E38-4007-ABB9-0EB8F698351C}.Release|x86.ActiveCfg = Release|Any CPU
		{3C742296-6E38-4007-ABB9-0EB8F698351C}.Release|x86.Build.0 = Release|Any CPU
		{8E26BD87-E4B5-41A4-9AC1-6B4755EF7E86}.Debug|Any CPU.ActiveCfg = Debug|Any CPU
		{8E26BD87-E4B5-41A4-9AC1-6B4755EF7E86}.Debug|Any CPU.Build.0 = Debug|Any CPU
		{8E26BD87-E4B5-41A4-9AC1-6B4755EF7E86}.Debug|x64.ActiveCfg = Debug|Any CPU
		{8E26BD87-E4B5-41A4-9AC1-6B4755EF7E86}.Debug|x64.Build.0 = Debug|Any CPU
		{8E26BD87-E4B5-41A4-9AC1-6B4755EF7E86}.Debug|x86.ActiveCfg = Debug|Any CPU
		{8E26BD87-E4B5-41A4-9AC1-6B4755EF7E86}.Debug|x86.Build.0 = Debug|Any CPU
		{8E26BD87-E4B5-41A4-9AC1-6B4755EF7E86}.Release|Any CPU.ActiveCfg = Release|Any CPU
		{8E26BD87-E4B5-41A4-9AC1-6B4755EF7E86}.Release|Any CPU.Build.0 = Release|Any CPU
		{8E26BD87-E4B5-41A4-9AC1-6B4755EF7E86}.Release|x64.ActiveCfg = Release|Any CPU
		{8E26BD87-E4B5-41A4-9AC1-6B4755EF7E86}.Release|x64.Build.0 = Release|Any CPU
		{8E26BD87-E4B5-41A4-9AC1-6B4755EF7E86}.Release|x86.ActiveCfg = Release|Any CPU
		{8E26BD87-E4B5-41A4-9AC1-6B4755EF7E86}.Release|x86.Build.0 = Release|Any CPU
		{1C844202-C298-45F1-8EC2-49C92944C762}.Debug|Any CPU.ActiveCfg = Debug|Any CPU
		{1C844202-C298-45F1-8EC2-49C92944C762}.Debug|Any CPU.Build.0 = Debug|Any CPU
		{1C844202-C298-45F1-8EC2-49C92944C762}.Debug|x64.ActiveCfg = Debug|Any CPU
		{1C844202-C298-45F1-8EC2-49C92944C762}.Debug|x64.Build.0 = Debug|Any CPU
		{1C844202-C298-45F1-8EC2-49C92944C762}.Debug|x86.ActiveCfg = Debug|Any CPU
		{1C844202-C298-45F1-8EC2-49C92944C762}.Debug|x86.Build.0 = Debug|Any CPU
		{1C844202-C298-45F1-8EC2-49C92944C762}.Release|Any CPU.ActiveCfg = Release|Any CPU
		{1C844202-C298-45F1-8EC2-49C92944C762}.Release|Any CPU.Build.0 = Release|Any CPU
		{1C844202-C298-45F1-8EC2-49C92944C762}.Release|x64.ActiveCfg = Release|Any CPU
		{1C844202-C298-45F1-8EC2-49C92944C762}.Release|x64.Build.0 = Release|Any CPU
		{1C844202-C298-45F1-8EC2-49C92944C762}.Release|x86.ActiveCfg = Release|Any CPU
		{1C844202-C298-45F1-8EC2-49C92944C762}.Release|x86.Build.0 = Release|Any CPU
		{728E9D2D-D70E-4074-86AC-9041822AB591}.Debug|Any CPU.ActiveCfg = Debug|Any CPU
		{728E9D2D-D70E-4074-86AC-9041822AB591}.Debug|Any CPU.Build.0 = Debug|Any CPU
		{728E9D2D-D70E-4074-86AC-9041822AB591}.Debug|x64.ActiveCfg = Debug|Any CPU
		{728E9D2D-D70E-4074-86AC-9041822AB591}.Debug|x64.Build.0 = Debug|Any CPU
		{728E9D2D-D70E-4074-86AC-9041822AB591}.Debug|x86.ActiveCfg = Debug|Any CPU
		{728E9D2D-D70E-4074-86AC-9041822AB591}.Debug|x86.Build.0 = Debug|Any CPU
		{728E9D2D-D70E-4074-86AC-9041822AB591}.Release|Any CPU.ActiveCfg = Release|Any CPU
		{728E9D2D-D70E-4074-86AC-9041822AB591}.Release|Any CPU.Build.0 = Release|Any CPU
		{728E9D2D-D70E-4074-86AC-9041822AB591}.Release|x64.ActiveCfg = Release|Any CPU
		{728E9D2D-D70E-4074-86AC-9041822AB591}.Release|x64.Build.0 = Release|Any CPU
		{728E9D2D-D70E-4074-86AC-9041822AB591}.Release|x86.ActiveCfg = Release|Any CPU
		{728E9D2D-D70E-4074-86AC-9041822AB591}.Release|x86.Build.0 = Release|Any CPU
	EndGlobalSection
	GlobalSection(SolutionProperties) = preSolution
		HideSolutionNode = FALSE
	EndGlobalSection
	GlobalSection(NestedProjects) = preSolution
		{3C742296-6E38-4007-ABB9-0EB8F698351C} = {827E0CD3-B72D-47B6-A68D-7590B98EB39B}
		{8E26BD87-E4B5-41A4-9AC1-6B4755EF7E86} = {827E0CD3-B72D-47B6-A68D-7590B98EB39B}
		{1C844202-C298-45F1-8EC2-49C92944C762} = {0AB3BF05-4346-4AA6-1389-037BE0695223}
		{728E9D2D-D70E-4074-86AC-9041822AB591} = {827E0CD3-B72D-47B6-A68D-7590B98EB39B}
	EndGlobalSection
EndGlobal
